
Microsoft Visual Studio Solution File, Format Version 12.00
# Visual Studio Version 16
VisualStudioVersion = 16.0.29326.143
MinimumVisualStudioVersion = 10.0.40219.1
Project("{FAE04EC0-301F-11D3-BF4B-00C04F79EFBC}") = "graphics", "graphics\graphics.csproj", "{D70C3C95-513F-4EAA-A034-CC1B94DC32EA}"
EndProject
Global
	GlobalSection(SolutionConfigurationPlatforms) = preSolution
		Debug|Any CPU = Debug|Any CPU
		Release|Any CPU = Release|Any CPU
	EndGlobalSection
	GlobalSection(ProjectConfigurationPlatforms) = postSolution
		{D70C3C95-513F-4EAA-A034-CC1B94DC32EA}.Debug|Any CPU.ActiveCfg = Debug|Any CPU
		{D70C3C95-513F-4EAA-A034-CC1B94DC32EA}.Debug|Any CPU.Build.0 = Debug|Any CPU
		{D70C3C95-513F-4EAA-A034-CC1B94DC32EA}.Release|Any CPU.ActiveCfg = Release|Any CPU
		{D70C3C95-513F-4EAA-A034-CC1B94DC32EA}.Release|Any CPU.Build.0 = Release|Any CPU
	EndGlobalSection
	GlobalSection(SolutionProperties) = preSolution
		HideSolutionNode = FALSE
	EndGlobalSection
	GlobalSection(ExtensibilityGlobals) = postSolution
		SolutionGuid = {4C846D37-02D3-47A7-AD9E-FEEFF786CA48}
	EndGlobalSection
EndGlobal
